
Microsoft Visual Studio Solution File, Format Version 12.00
# Visual Studio Version 16
VisualStudioVersion = 16.0.30611.23
MinimumVisualStudioVersion = 10.0.40219.1
Project("{FAE04EC0-301F-11D3-BF4B-00C04F79EFBC}") = "BulkyBook", "BulkyBook.csproj", "{353AEC02-9338-4DE7-AA34-F16254B3E1CB}"
EndProject
Global
	GlobalSection(SolutionConfigurationPlatforms) = preSolution
		Debug|Any CPU = Debug|Any CPU
		Release|Any CPU = Release|Any CPU
	EndGlobalSection
	GlobalSection(ProjectConfigurationPlatforms) = postSolution
		{353AEC02-9338-4DE7-AA34-F16254B3E1CB}.Debug|Any CPU.ActiveCfg = Debug|Any CPU
		{353AEC02-9338-4DE7-AA34-F16254B3E1CB}.Debug|Any CPU.Build.0 = Debug|Any CPU
		{353AEC02-9338-4DE7-AA34-F16254B3E1CB}.Release|Any CPU.ActiveCfg = Release|Any CPU
		{353AEC02-9338-4DE7-AA34-F16254B3E1CB}.Release|Any CPU.Build.0 = Release|Any CPU
	EndGlobalSection
	GlobalSection(SolutionProperties) = preSolution
		HideSolutionNode = FALSE
	EndGlobalSection
	GlobalSection(ExtensibilityGlobals) = postSolution
		SolutionGuid = {56EE9CAD-2EC3-4E15-931A-323F5335B116}
	EndGlobalSection
EndGlobal
